
Microsoft Visual Studio Solution File, Format Version 12.00
# Visual Studio Version 16
VisualStudioVersion = 16.0.29215.179
MinimumVisualStudioVersion = 10.0.40219.1
Project("{9A19103F-16F7-4668-BE54-9A1E7A4F7556}") = "CardGamesServer", "CardGamesServer\CardGamesServer.csproj", "{EEDBA25E-7B48-4137-858F-32ECF3AB0C2C}"
EndProject
Project("{9A19103F-16F7-4668-BE54-9A1E7A4F7556}") = "CardGamesServer.Tests", "CardGamesServer.Tests\CardGamesServer.Tests.csproj", "{F8843EC4-239D-4A8C-97AC-13B50688D090}"
EndProject
Global
	GlobalSection(SolutionConfigurationPlatforms) = preSolution
		Debug|Any CPU = Debug|Any CPU
		Release|Any CPU = Release|Any CPU
	EndGlobalSection
	GlobalSection(ProjectConfigurationPlatforms) = postSolution
		{EEDBA25E-7B48-4137-858F-32ECF3AB0C2C}.Debug|Any CPU.ActiveCfg = Debug|Any CPU
		{EEDBA25E-7B48-4137-858F-32ECF3AB0C2C}.Debug|Any CPU.Build.0 = Debug|Any CPU
		{EEDBA25E-7B48-4137-858F-32ECF3AB0C2C}.Release|Any CPU.ActiveCfg = Release|Any CPU
		{EEDBA25E-7B48-4137-858F-32ECF3AB0C2C}.Release|Any CPU.Build.0 = Release|Any CPU
		{F8843EC4-239D-4A8C-97AC-13B50688D090}.Debug|Any CPU.ActiveCfg = Debug|Any CPU
		{F8843EC4-239D-4A8C-97AC-13B50688D090}.Debug|Any CPU.Build.0 = Debug|Any CPU
		{F8843EC4-239D-4A8C-97AC-13B50688D090}.Release|Any CPU.ActiveCfg = Release|Any CPU
		{F8843EC4-239D-4A8C-97AC-13B50688D090}.Release|Any CPU.Build.0 = Release|Any CPU
	EndGlobalSection
	GlobalSection(SolutionProperties) = preSolution
		HideSolutionNode = FALSE
	EndGlobalSection
	GlobalSection(ExtensibilityGlobals) = postSolution
		SolutionGuid = {82D60C5D-33F5-4001-A6E3-587558A16C29}
	EndGlobalSection
EndGlobal
